
Microsoft Visual Studio Solution File, Format Version 12.00
Project("{FAE04EC0-301F-11D3-BF4B-00C04F79EFBC}") = "ChessBoardClassLibrary", "ChessBoardClassLibrary\ChessBoardClassLibrary.csproj", "{D3E48A87-59AF-42E7-9E5F-55524BFBBEE1}"
EndProject
Project("{FAE04EC0-301F-11D3-BF4B-00C04F79EFBC}") = "ChessBoardConsoleApp", "ChessBoardConsoleApp\ChessBoardConsoleApp.csproj", "{86732AEC-3BEC-462A-968F-C446EE905B8A}"
EndProject
Global
	GlobalSection(SolutionConfigurationPlatforms) = preSolution
		Debug|Any CPU = Debug|Any CPU
		Release|Any CPU = Release|Any CPU
	EndGlobalSection
	GlobalSection(ProjectConfigurationPlatforms) = postSolution
		{D3E48A87-59AF-42E7-9E5F-55524BFBBEE1}.Debug|Any CPU.ActiveCfg = Debug|Any CPU
		{D3E48A87-59AF-42E7-9E5F-55524BFBBEE1}.Debug|Any CPU.Build.0 = Debug|Any CPU
		{D3E48A87-59AF-42E7-9E5F-55524BFBBEE1}.Release|Any CPU.ActiveCfg = Release|Any CPU
		{D3E48A87-59AF-42E7-9E5F-55524BFBBEE1}.Release|Any CPU.Build.0 = Release|Any CPU
		{86732AEC-3BEC-462A-968F-C446EE905B8A}.Debug|Any CPU.ActiveCfg = Debug|Any CPU
		{86732AEC-3BEC-462A-968F-C446EE905B8A}.Debug|Any CPU.Build.0 = Debug|Any CPU
		{86732AEC-3BEC-462A-968F-C446EE905B8A}.Release|Any CPU.ActiveCfg = Release|Any CPU
		{86732AEC-3BEC-462A-968F-C446EE905B8A}.Release|Any CPU.Build.0 = Release|Any CPU
	EndGlobalSection
EndGlobal
